
Microsoft Visual Studio Solution File, Format Version 12.00
# Visual Studio Version 17
VisualStudioVersion = 17.5.33502.453
MinimumVisualStudioVersion = 10.0.40219.1
Project("{FAE04EC0-301F-11D3-BF4B-00C04F79EFBC}") = "Fati-so-kofa", "Fati-so-kofa\Fati-so-kofa.csproj", "{2A2C3FA6-ECCC-4379-829D-BDCF0A90CAF4}"
EndProject
Global
	GlobalSection(SolutionConfigurationPlatforms) = preSolution
		Debug|Any CPU = Debug|Any CPU
		Release|Any CPU = Release|Any CPU
	EndGlobalSection
	GlobalSection(ProjectConfigurationPlatforms) = postSolution
		{2A2C3FA6-ECCC-4379-829D-BDCF0A90CAF4}.Debug|Any CPU.ActiveCfg = Debug|Any CPU
		{2A2C3FA6-ECCC-4379-829D-BDCF0A90CAF4}.Debug|Any CPU.Build.0 = Debug|Any CPU
		{2A2C3FA6-ECCC-4379-829D-BDCF0A90CAF4}.Release|Any CPU.ActiveCfg = Release|Any CPU
		{2A2C3FA6-ECCC-4379-829D-BDCF0A90CAF4}.Release|Any CPU.Build.0 = Release|Any CPU
	EndGlobalSection
	GlobalSection(SolutionProperties) = preSolution
		HideSolutionNode = FALSE
	EndGlobalSection
	GlobalSection(ExtensibilityGlobals) = postSolution
		SolutionGuid = {8F31F206-8477-48F9-8138-79D2BEEE8D2E}
	EndGlobalSection
EndGlobal
